
Microsoft Visual Studio Solution File, Format Version 12.00
# Visual Studio 15
VisualStudioVersion = 15.0.28307.539
MinimumVisualStudioVersion = 10.0.40219.1
Project("{8BC9CEB8-8B4A-11D0-8D11-00A0C91BC942}") = "ordered_string_1", "ordered_string_1\ordered_string_1.vcxproj", "{51BA6391-5D7D-4FCD-B7DF-B729D7AD95B7}"
EndProject
Project("{8BC9CEB8-8B4A-11D0-8D11-00A0C91BC942}") = "Name_Surname_1", "Name_Surname_1\Name_Surname_1.vcxproj", "{F674B769-9D9D-415A-8C8E-B15A7436B25D}"
EndProject
Project("{8BC9CEB8-8B4A-11D0-8D11-00A0C91BC942}") = "Name_Surname_2", "Name_Surname_2\Name_Surname_2.vcxproj", "{FDD796ED-44A9-46C5-A144-F1EF5521F735}"
EndProject
Project("{8BC9CEB8-8B4A-11D0-8D11-00A0C91BC942}") = "Quiz_const_method", "Quiz_const_method\Quiz_const_method.vcxproj", "{559DAD7F-279C-4FBA-856E-84C089DE1C13}"
EndProject
Global
	GlobalSection(SolutionConfigurationPlatforms) = preSolution
		Debug|x64 = Debug|x64
		Debug|x86 = Debug|x86
		Release|x64 = Release|x64
		Release|x86 = Release|x86
	EndGlobalSection
	GlobalSection(ProjectConfigurationPlatforms) = postSolution
		{51BA6391-5D7D-4FCD-B7DF-B729D7AD95B7}.Debug|x64.ActiveCfg = Debug|x64
		{51BA6391-5D7D-4FCD-B7DF-B729D7AD95B7}.Debug|x64.Build.0 = Debug|x64
		{51BA6391-5D7D-4FCD-B7DF-B729D7AD95B7}.Debug|x86.ActiveCfg = Debug|Win32
		{51BA6391-5D7D-4FCD-B7DF-B729D7AD95B7}.Debug|x86.Build.0 = Debug|Win32
		{51BA6391-5D7D-4FCD-B7DF-B729D7AD95B7}.Release|x64.ActiveCfg = Release|x64
		{51BA6391-5D7D-4FCD-B7DF-B729D7AD95B7}.Release|x64.Build.0 = Release|x64
		{51BA6391-5D7D-4FCD-B7DF-B729D7AD95B7}.Release|x86.ActiveCfg = Release|Win32
		{51BA6391-5D7D-4FCD-B7DF-B729D7AD95B7}.Release|x86.Build.0 = Release|Win32
		{F674B769-9D9D-415A-8C8E-B15A7436B25D}.Debug|x64.ActiveCfg = Debug|x64
		{F674B769-9D9D-415A-8C8E-B15A7436B25D}.Debug|x64.Build.0 = Debug|x64
		{F674B769-9D9D-415A-8C8E-B15A7436B25D}.Debug|x86.ActiveCfg = Debug|Win32
		{F674B769-9D9D-415A-8C8E-B15A7436B25D}.Debug|x86.Build.0 = Debug|Win32
		{F674B769-9D9D-415A-8C8E-B15A7436B25D}.Release|x64.ActiveCfg = Release|x64
		{F674B769-9D9D-415A-8C8E-B15A7436B25D}.Release|x64.Build.0 = Release|x64
		{F674B769-9D9D-415A-8C8E-B15A7436B25D}.Release|x86.ActiveCfg = Release|Win32
		{F674B769-9D9D-415A-8C8E-B15A7436B25D}.Release|x86.Build.0 = Release|Win32
		{FDD796ED-44A9-46C5-A144-F1EF5521F735}.Debug|x64.ActiveCfg = Debug|x64
		{FDD796ED-44A9-46C5-A144-F1EF5521F735}.Debug|x64.Build.0 = Debug|x64
		{FDD796ED-44A9-46C5-A144-F1EF5521F735}.Debug|x86.ActiveCfg = Debug|Win32
		{FDD796ED-44A9-46C5-A144-F1EF5521F735}.Debug|x86.Build.0 = Debug|Win32
		{FDD796ED-44A9-46C5-A144-F1EF5521F735}.Release|x64.ActiveCfg = Release|x64
		{FDD796ED-44A9-46C5-A144-F1EF5521F735}.Release|x64.Build.0 = Release|x64
		{FDD796ED-44A9-46C5-A144-F1EF5521F735}.Release|x86.ActiveCfg = Release|Win32
		{FDD796ED-44A9-46C5-A144-F1EF5521F735}.Release|x86.Build.0 = Release|Win32
		{559DAD7F-279C-4FBA-856E-84C089DE1C13}.Debug|x64.ActiveCfg = Debug|x64
		{559DAD7F-279C-4FBA-856E-84C089DE1C13}.Debug|x64.Build.0 = Debug|x64
		{559DAD7F-279C-4FBA-856E-84C089DE1C13}.Debug|x86.ActiveCfg = Debug|Win32
		{559DAD7F-279C-4FBA-856E-84C089DE1C13}.Debug|x86.Build.0 = Debug|Win32
		{559DAD7F-279C-4FBA-856E-84C089DE1C13}.Release|x64.ActiveCfg = Release|x64
		{559DAD7F-279C-4FBA-856E-84C089DE1C13}.Release|x64.Build.0 = Release|x64
		{559DAD7F-279C-4FBA-856E-84C089DE1C13}.Release|x86.ActiveCfg = Release|Win32
		{559DAD7F-279C-4FBA-856E-84C089DE1C13}.Release|x86.Build.0 = Release|Win32
	EndGlobalSection
	GlobalSection(SolutionProperties) = preSolution
		HideSolutionNode = FALSE
	EndGlobalSection
	GlobalSection(ExtensibilityGlobals) = postSolution
		SolutionGuid = {A7EA6AD6-634C-42BD-AA1F-56B33659DB12}
	EndGlobalSection
EndGlobal
